
Microsoft Visual Studio Solution File, Format Version 12.00
# Visual Studio Version 16
VisualStudioVersion = 16.0.30320.27
MinimumVisualStudioVersion = 10.0.40219.1
Project("{FAE04EC0-301F-11D3-BF4B-00C04F79EFBC}") = "wwek2task7sub13", "wwek2task7sub13.csproj", "{97490567-4EFA-4DF4-A5A1-76C202F88F98}"
EndProject
Global
	GlobalSection(SolutionConfigurationPlatforms) = preSolution
		Debug|Any CPU = Debug|Any CPU
		Release|Any CPU = Release|Any CPU
	EndGlobalSection
	GlobalSection(ProjectConfigurationPlatforms) = postSolution
		{97490567-4EFA-4DF4-A5A1-76C202F88F98}.Debug|Any CPU.ActiveCfg = Debug|Any CPU
		{97490567-4EFA-4DF4-A5A1-76C202F88F98}.Debug|Any CPU.Build.0 = Debug|Any CPU
		{97490567-4EFA-4DF4-A5A1-76C202F88F98}.Release|Any CPU.ActiveCfg = Release|Any CPU
		{97490567-4EFA-4DF4-A5A1-76C202F88F98}.Release|Any CPU.Build.0 = Release|Any CPU
	EndGlobalSection
	GlobalSection(SolutionProperties) = preSolution
		HideSolutionNode = FALSE
	EndGlobalSection
	GlobalSection(ExtensibilityGlobals) = postSolution
		SolutionGuid = {B1FE7994-DAFC-460E-9807-06C6259885E9}
	EndGlobalSection
EndGlobal
