
Microsoft Visual Studio Solution File, Format Version 12.00
# Visual Studio Version 16
VisualStudioVersion = 16.0.30320.27
MinimumVisualStudioVersion = 10.0.40219.1
Project("{FAE04EC0-301F-11D3-BF4B-00C04F79EFBC}") = "week7task7sub10", "week7task7sub10.csproj", "{408F8DA2-FF40-46B2-BB2B-BA563AA3CC40}"
EndProject
Global
	GlobalSection(SolutionConfigurationPlatforms) = preSolution
		Debug|Any CPU = Debug|Any CPU
		Release|Any CPU = Release|Any CPU
	EndGlobalSection
	GlobalSection(ProjectConfigurationPlatforms) = postSolution
		{408F8DA2-FF40-46B2-BB2B-BA563AA3CC40}.Debug|Any CPU.ActiveCfg = Debug|Any CPU
		{408F8DA2-FF40-46B2-BB2B-BA563AA3CC40}.Debug|Any CPU.Build.0 = Debug|Any CPU
		{408F8DA2-FF40-46B2-BB2B-BA563AA3CC40}.Release|Any CPU.ActiveCfg = Release|Any CPU
		{408F8DA2-FF40-46B2-BB2B-BA563AA3CC40}.Release|Any CPU.Build.0 = Release|Any CPU
	EndGlobalSection
	GlobalSection(SolutionProperties) = preSolution
		HideSolutionNode = FALSE
	EndGlobalSection
	GlobalSection(ExtensibilityGlobals) = postSolution
		SolutionGuid = {E78606FA-2961-42E0-9AA3-88C38607B4DB}
	EndGlobalSection
EndGlobal
