
Microsoft Visual Studio Solution File, Format Version 12.00
# Visual Studio Version 16
VisualStudioVersion = 16.0.30320.27
MinimumVisualStudioVersion = 10.0.40219.1
Project("{FAE04EC0-301F-11D3-BF4B-00C04F79EFBC}") = "week2task7sub6", "week2task7sub6.csproj", "{A25E4F0C-F57E-41AC-8848-9AA610B432B8}"
EndProject
Global
	GlobalSection(SolutionConfigurationPlatforms) = preSolution
		Debug|Any CPU = Debug|Any CPU
		Release|Any CPU = Release|Any CPU
	EndGlobalSection
	GlobalSection(ProjectConfigurationPlatforms) = postSolution
		{A25E4F0C-F57E-41AC-8848-9AA610B432B8}.Debug|Any CPU.ActiveCfg = Debug|Any CPU
		{A25E4F0C-F57E-41AC-8848-9AA610B432B8}.Debug|Any CPU.Build.0 = Debug|Any CPU
		{A25E4F0C-F57E-41AC-8848-9AA610B432B8}.Release|Any CPU.ActiveCfg = Release|Any CPU
		{A25E4F0C-F57E-41AC-8848-9AA610B432B8}.Release|Any CPU.Build.0 = Release|Any CPU
	EndGlobalSection
	GlobalSection(SolutionProperties) = preSolution
		HideSolutionNode = FALSE
	EndGlobalSection
	GlobalSection(ExtensibilityGlobals) = postSolution
		SolutionGuid = {5FE59946-DCBC-4816-AB61-F84FA83CDE9E}
	EndGlobalSection
EndGlobal
