
Microsoft Visual Studio Solution File, Format Version 12.00
# Visual Studio Version 16
VisualStudioVersion = 16.0.30320.27
MinimumVisualStudioVersion = 10.0.40219.1
Project("{FAE04EC0-301F-11D3-BF4B-00C04F79EFBC}") = "week2task7sub12", "week2task7sub12.csproj", "{BD9346FD-354A-4A04-9B57-7432C5C0860A}"
EndProject
Global
	GlobalSection(SolutionConfigurationPlatforms) = preSolution
		Debug|Any CPU = Debug|Any CPU
		Release|Any CPU = Release|Any CPU
	EndGlobalSection
	GlobalSection(ProjectConfigurationPlatforms) = postSolution
		{BD9346FD-354A-4A04-9B57-7432C5C0860A}.Debug|Any CPU.ActiveCfg = Debug|Any CPU
		{BD9346FD-354A-4A04-9B57-7432C5C0860A}.Debug|Any CPU.Build.0 = Debug|Any CPU
		{BD9346FD-354A-4A04-9B57-7432C5C0860A}.Release|Any CPU.ActiveCfg = Release|Any CPU
		{BD9346FD-354A-4A04-9B57-7432C5C0860A}.Release|Any CPU.Build.0 = Release|Any CPU
	EndGlobalSection
	GlobalSection(SolutionProperties) = preSolution
		HideSolutionNode = FALSE
	EndGlobalSection
	GlobalSection(ExtensibilityGlobals) = postSolution
		SolutionGuid = {28B4968A-3620-4B1A-8D0D-984FE2F9FDAB}
	EndGlobalSection
EndGlobal
